// !$*UTF8*$!
{
	archiveVersion = 1;
	classes = {
	};
	objectVersion = 46;
	objects = {

/* Begin PBXBuildFile section */
		279ED01719F18CD1005A8A25 /* main.m in Sources */ = {isa = PBXBuildFile; fileRef = 279ED01619F18CD1005A8A25 /* main.m */; };
/* End PBXBuildFile section */

/* Begin PBXCopyFilesBuildPhase section */
		279ED01119F18CD1005A8A25 /* CopyFiles */ = {
			isa = PBXCopyFilesBuildPhase;
			buildActionMask = 2147483647;
			dstPath = /usr/share/man/man1/;
			dstSubfolderSpec = 0;
			files = (
			);
			runOnlyForDeploymentPostprocessing = 1;
		};
/* End PBXCopyFilesBuildPhase section */

/* Begin PBXFileReference section */
		279ED01319F18CD1005A8A25 /* CacheContacts */ = {isa = PBXFileReference; explicitFileType = "compiled.mach-o.executable"; includeInIndex = 0; path = CacheContacts; sourceTree = BUILT_PRODUCTS_DIR; };
		279ED01619F18CD1005A8A25 /* main.m */ = {isa = PBXFileReference; lastKnownFileType = sourcecode.c.objc; path = main.m; sourceTree = "<group>"; };
/* End PBXFileReference section */

/* Begin PBXFrameworksBuildPhase section */
		279ED01019F18CD1005A8A25 /* Frameworks */ = {
			isa = PBXFrameworksBuildPhase;
			buildActionMask = 2147483647;
			files = (
			);
			runOnlyForDeploymentPostprocessing = 0;
		};
/* End PBXFrameworksBuildPhase section */

/* Begin PBXGroup section */
		279ED00A19F18CD1005A8A25 = {
			isa = PBXGroup;
			children = (
				279ED01519F18CD1005A8A25 /* CacheContacts */,
				279ED01419F18CD1005A8A25 /* Products */,
			);
			sourceTree = "<group>";
		};
		279ED01419F18CD1005A8A25 /* Products */ = {
			isa = PBXGroup;
			children = (
				279ED01319F18CD1005A8A25 /* CacheContacts */,
			);
			name = Products;
			sourceTree = "<group>";
		};
		279ED01519F18CD1005A8A25 /* CacheContacts */ = {
			isa = PBXGroup;
			children = (
				279ED01619F18CD1005A8A25 /* main.m */,
			);
			path = CacheContacts;
			sourceTree = "<group>";
		};
/* End PBXGroup section */

/* Begin PBXNativeTarget section */
		279ED01219F18CD1005A8A25 /* CacheContacts */ = {
			isa = PBXNativeTarget;
			buildConfigurationList = 279ED01A19F18CD1005A8A25 /* Build configuration list for PBXNativeTarget "CacheContacts" */;
			buildPhases = (
				279ED00F19F18CD1005A8A25 /* Sources */,
				279ED01019F18CD1005A8A25 /* Frameworks */,
				279ED01119F18CD1005A8A25 /* CopyFiles */,
			);
			buildRules = (
			);
			dependencies = (
			);
			name = CacheContacts;
			productName = CacheContacts;
			productReference = 279ED01319F18CD1005A8A25 /* CacheContacts */;
			productType = "com.apple.product-type.tool";
		};
/* End PBXNativeTarget section */

/* Begin PBXProject section */
		279ED00B19F18CD1005A8A25 /* Project object */ = {
			isa = PBXProject;
			attributes = {
				LastUpgradeCheck = 0600;
				ORGANIZATIONNAME = "Dean Jackson";
				TargetAttributes = {
					279ED01219F18CD1005A8A25 = {
						CreatedOnToolsVersion = 6.0;
					};
				};
			};
			buildConfigurationList = 279ED00E19F18CD1005A8A25 /* Build configuration list for PBXProject "CacheContacts" */;
			compatibilityVersion = "Xcode 3.2";
			developmentRegion = English;
			hasScannedForEncodings = 0;
			knownRegions = (
				en,
			);
			mainGroup = 279ED00A19F18CD1005A8A25;
			productRefGroup = 279ED01419F18CD1005A8A25 /* Products */;
			projectDirPath = "";
			projectRoot = "";
			targets = (
				279ED01219F18CD1005A8A25 /* CacheContacts */,
			);
		};
/* End PBXProject section */

/* Begin PBXSourcesBuildPhase section */
		279ED00F19F18CD1005A8A25 /* Sources */ = {
			isa = PBXSourcesBuildPhase;
			buildActionMask = 2147483647;
			files = (
				279ED01719F18CD1005A8A25 /* main.m in Sources */,
			);
			runOnlyForDeploymentPostprocessing = 0;
		};
/* End PBXSourcesBuildPhase section */

/* Begin XCBuildConfiguration section */
		279ED01819F18CD1005A8A25 /* Debug */ = {
			isa = XCBuildConfiguration;
			buildSettings = {
				ALWAYS_SEARCH_USER_PATHS = NO;
				CLANG_CXX_LANGUAGE_STANDARD = "gnu++0x";
				CLANG_CXX_LIBRARY = "libc++";
				CLANG_ENABLE_MODULES = YES;
				CLANG_ENABLE_OBJC_ARC = NO;
				CLANG_WARN_BOOL_CONVERSION = YES;
				CLANG_WARN_CONSTANT_CONVERSION = YES;
				CLANG_WARN_DIRECT_OBJC_ISA_USAGE = YES_ERROR;
				CLANG_WARN_EMPTY_BODY = YES;
				CLANG_WARN_ENUM_CONVERSION = YES;
				CLANG_WARN_INT_CONVERSION = YES;
				CLANG_WARN_OBJC_ROOT_CLASS = YES_ERROR;
				CLANG_WARN_UNREACHABLE_CODE = YES;
				CLANG_WARN__DUPLICATE_METHOD_MATCH = YES;
				COPY_PHASE_STRIP = NO;
				ENABLE_STRICT_OBJC_MSGSEND = YES;
				GCC_C_LANGUAGE_STANDARD = gnu99;
				GCC_DYNAMIC_NO_PIC = NO;
				GCC_OPTIMIZATION_LEVEL = 0;
				GCC_PREPROCESSOR_DEFINITIONS = (
					"DEBUG=1",
					"$(inherited)",
				);
				GCC_SYMBOLS_PRIVATE_EXTERN = NO;
				GCC_WARN_64_TO_32_BIT_CONVERSION = YES;
				GCC_WARN_ABOUT_RETURN_TYPE = YES_ERROR;
				GCC_WARN_UNDECLARED_SELECTOR = YES;
				GCC_WARN_UNINITIALIZED_AUTOS = YES_AGGRESSIVE;
				GCC_WARN_UNUSED_FUNCTION = YES;
				GCC_WARN_UNUSED_VARIABLE = YES;
				MACOSX_DEPLOYMENT_TARGET = 10.4;
				MTL_ENABLE_DEBUG_INFO = YES;
				ONLY_ACTIVE_ARCH = YES;
				SDKROOT = macosx;
			};
			name = Debug;
		};
		279ED01919F18CD1005A8A25 /* Release */ = {
			isa = XCBuildConfiguration;
			buildSettings = {
				ALWAYS_SEARCH_USER_PATHS = NO;
				CLANG_CXX_LANGUAGE_STANDARD = "gnu++0x";
				CLANG_CXX_LIBRARY = "libc++";
				CLANG_ENABLE_MODULES = YES;
				CLANG_ENABLE_OBJC_ARC = NO;
				CLANG_WARN_BOOL_CONVERSION = YES;
				CLANG_WARN_CONSTANT_CONVERSION = YES;
				CLANG_WARN_DIRECT_OBJC_ISA_USAGE = YES_ERROR;
				CLANG_WARN_EMPTY_BODY = YES;
				CLANG_WARN_ENUM_CONVERSION = YES;
				CLANG_WARN_INT_CONVERSION = YES;
				CLANG_WARN_OBJC_ROOT_CLASS = YES_ERROR;
				CLANG_WARN_UNREACHABLE_CODE = YES;
				CLANG_WARN__DUPLICATE_METHOD_MATCH = YES;
				COPY_PHASE_STRIP = YES;
				DEBUG_INFORMATION_FORMAT = "dwarf-with-dsym";
				ENABLE_NS_ASSERTIONS = NO;
				ENABLE_STRICT_OBJC_MSGSEND = YES;
				GCC_C_LANGUAGE_STANDARD = gnu99;
				GCC_WARN_64_TO_32_BIT_CONVERSION = YES;
				GCC_WARN_ABOUT_RETURN_TYPE = YES_ERROR;
				GCC_WARN_UNDECLARED_SELECTOR = YES;
				GCC_WARN_UNINITIALIZED_AUTOS = YES_AGGRESSIVE;
				GCC_WARN_UNUSED_FUNCTION = YES;
				GCC_WARN_UNUSED_VARIABLE = YES;
				MACOSX_DEPLOYMENT_TARGET = 10.4;
				MTL_ENABLE_DEBUG_INFO = NO;
				SDKROOT = macosx;
			};
			name = Release;
		};
		279ED01B19F18CD1005A8A25 /* Debug */ = {
			isa = XCBuildConfiguration;
			buildSettings = {
				PRODUCT_NAME = "$(TARGET_NAME)";
			};
			name = Debug;
		};
		279ED01C19F18CD1005A8A25 /* Release */ = {
			isa = XCBuildConfiguration;
			buildSettings = {
				PRODUCT_NAME = "$(TARGET_NAME)";
			};
			name = Release;
		};
/* End XCBuildConfiguration section */

/* Begin XCConfigurationList section */
		279ED00E19F18CD1005A8A25 /* Build configuration list for PBXProject "CacheContacts" */ = {
			isa = XCConfigurationList;
			buildConfigurations = (
				279ED01819F18CD1005A8A25 /* Debug */,
				279ED01919F18CD1005A8A25 /* Release */,
			);
			defaultConfigurationIsVisible = 0;
			defaultConfigurationName = Release;
		};
		279ED01A19F18CD1005A8A25 /* Build configuration list for PBXNativeTarget "CacheContacts" */ = {
			isa = XCConfigurationList;
			buildConfigurations = (
				279ED01B19F18CD1005A8A25 /* Debug */,
				279ED01C19F18CD1005A8A25 /* Release */,
			);
			defaultConfigurationIsVisible = 0;
		};
/* End XCConfigurationList section */
	};
	rootObject = 279ED00B19F18CD1005A8A25 /* Project object */;
}
